
Microsoft Visual Studio Solution File, Format Version 12.00
# Visual Studio Version 17
VisualStudioVersion = 17.4.33205.214
MinimumVisualStudioVersion = 10.0.40219.1
Project("{FAE04EC0-301F-11D3-BF4B-00C04F79EFBC}") = "TEST.Android", "TEST\TEST.Android\TEST.Android.csproj", "{1AE75AE6-F6AD-42AE-9176-098ED7531BDC}"
EndProject
Project("{FAE04EC0-301F-11D3-BF4B-00C04F79EFBC}") = "TEST.iOS", "TEST\TEST.iOS\TEST.iOS.csproj", "{51CCE6B6-9998-493B-9637-F0F846A822AD}"
EndProject
Project("{9A19103F-16F7-4668-BE54-9A1E7A4F7556}") = "TEST", "TEST\TEST\TEST.csproj", "{E036E299-C55F-41F2-A91D-C95147DE3545}"
EndProject
Global
	GlobalSection(SolutionConfigurationPlatforms) = preSolution
		Debug|Any CPU = Debug|Any CPU
		Debug|iPhone = Debug|iPhone
		Debug|iPhoneSimulator = Debug|iPhoneSimulator
		Release|Any CPU = Release|Any CPU
		Release|iPhone = Release|iPhone
		Release|iPhoneSimulator = Release|iPhoneSimulator
	EndGlobalSection
	GlobalSection(ProjectConfigurationPlatforms) = postSolution
		{1AE75AE6-F6AD-42AE-9176-098ED7531BDC}.Debug|Any CPU.ActiveCfg = Debug|Any CPU
		{1AE75AE6-F6AD-42AE-9176-098ED7531BDC}.Debug|Any CPU.Build.0 = Debug|Any CPU
		{1AE75AE6-F6AD-42AE-9176-098ED7531BDC}.Debug|Any CPU.Deploy.0 = Debug|Any CPU
		{1AE75AE6-F6AD-42AE-9176-098ED7531BDC}.Debug|iPhone.ActiveCfg = Debug|Any CPU
		{1AE75AE6-F6AD-42AE-9176-098ED7531BDC}.Debug|iPhone.Build.0 = Debug|Any CPU
		{1AE75AE6-F6AD-42AE-9176-098ED7531BDC}.Debug|iPhone.Deploy.0 = Debug|Any CPU
		{1AE75AE6-F6AD-42AE-9176-098ED7531BDC}.Debug|iPhoneSimulator.ActiveCfg = Debug|Any CPU
		{1AE75AE6-F6AD-42AE-9176-098ED7531BDC}.Debug|iPhoneSimulator.Build.0 = Debug|Any CPU
		{1AE75AE6-F6AD-42AE-9176-098ED7531BDC}.Debug|iPhoneSimulator.Deploy.0 = Debug|Any CPU
		{1AE75AE6-F6AD-42AE-9176-098ED7531BDC}.Release|Any CPU.ActiveCfg = Release|Any CPU
		{1AE75AE6-F6AD-42AE-9176-098ED7531BDC}.Release|Any CPU.Build.0 = Release|Any CPU
		{1AE75AE6-F6AD-42AE-9176-098ED7531BDC}.Release|Any CPU.Deploy.0 = Release|Any CPU
		{1AE75AE6-F6AD-42AE-9176-098ED7531BDC}.Release|iPhone.ActiveCfg = Release|Any CPU
		{1AE75AE6-F6AD-42AE-9176-098ED7531BDC}.Release|iPhone.Build.0 = Release|Any CPU
		{1AE75AE6-F6AD-42AE-9176-098ED7531BDC}.Release|iPhone.Deploy.0 = Release|Any CPU
		{1AE75AE6-F6AD-42AE-9176-098ED7531BDC}.Release|iPhoneSimulator.ActiveCfg = Release|Any CPU
		{1AE75AE6-F6AD-42AE-9176-098ED7531BDC}.Release|iPhoneSimulator.Build.0 = Release|Any CPU
		{1AE75AE6-F6AD-42AE-9176-098ED7531BDC}.Release|iPhoneSimulator.Deploy.0 = Release|Any CPU
		{51CCE6B6-9998-493B-9637-F0F846A822AD}.Debug|Any CPU.ActiveCfg = Debug|iPhone
		{51CCE6B6-9998-493B-9637-F0F846A822AD}.Debug|Any CPU.Build.0 = Debug|iPhone
		{51CCE6B6-9998-493B-9637-F0F846A822AD}.Debug|Any CPU.Deploy.0 = Debug|iPhone
		{51CCE6B6-9998-493B-9637-F0F846A822AD}.Debug|iPhone.ActiveCfg = Debug|iPhone
		{51CCE6B6-9998-493B-9637-F0F846A822AD}.Debug|iPhone.Build.0 = Debug|iPhone
		{51CCE6B6-9998-493B-9637-F0F846A822AD}.Debug|iPhone.Deploy.0 = Debug|iPhone
		{51CCE6B6-9998-493B-9637-F0F846A822AD}.Debug|iPhoneSimulator.ActiveCfg = Debug|iPhoneSimulator
		{51CCE6B6-9998-493B-9637-F0F846A822AD}.Debug|iPhoneSimulator.Build.0 = Debug|iPhoneSimulator
		{51CCE6B6-9998-493B-9637-F0F846A822AD}.Debug|iPhoneSimulator.Deploy.0 = Debug|iPhoneSimulator
		{51CCE6B6-9998-493B-9637-F0F846A822AD}.Release|Any CPU.ActiveCfg = Release|iPhoneSimulator
		{51CCE6B6-9998-493B-9637-F0F846A822AD}.Release|Any CPU.Build.0 = Release|iPhoneSimulator
		{51CCE6B6-9998-493B-9637-F0F846A822AD}.Release|Any CPU.Deploy.0 = Release|iPhoneSimulator
		{51CCE6B6-9998-493B-9637-F0F846A822AD}.Release|iPhone.ActiveCfg = Release|iPhone
		{51CCE6B6-9998-493B-9637-F0F846A822AD}.Release|iPhone.Build.0 = Release|iPhone
		{51CCE6B6-9998-493B-9637-F0F846A822AD}.Release|iPhone.Deploy.0 = Release|iPhone
		{51CCE6B6-9998-493B-9637-F0F846A822AD}.Release|iPhoneSimulator.ActiveCfg = Release|iPhoneSimulator
		{51CCE6B6-9998-493B-9637-F0F846A822AD}.Release|iPhoneSimulator.Build.0 = Release|iPhoneSimulator
		{51CCE6B6-9998-493B-9637-F0F846A822AD}.Release|iPhoneSimulator.Deploy.0 = Release|iPhoneSimulator
		{E036E299-C55F-41F2-A91D-C95147DE3545}.Debug|Any CPU.ActiveCfg = Debug|Any CPU
		{E036E299-C55F-41F2-A91D-C95147DE3545}.Debug|Any CPU.Build.0 = Debug|Any CPU
		{E036E299-C55F-41F2-A91D-C95147DE3545}.Debug|Any CPU.Deploy.0 = Debug|Any CPU
		{E036E299-C55F-41F2-A91D-C95147DE3545}.Debug|iPhone.ActiveCfg = Debug|Any CPU
		{E036E299-C55F-41F2-A91D-C95147DE3545}.Debug|iPhone.Build.0 = Debug|Any CPU
		{E036E299-C55F-41F2-A91D-C95147DE3545}.Debug|iPhone.Deploy.0 = Debug|Any CPU
		{E036E299-C55F-41F2-A91D-C95147DE3545}.Debug|iPhoneSimulator.ActiveCfg = Debug|Any CPU
		{E036E299-C55F-41F2-A91D-C95147DE3545}.Debug|iPhoneSimulator.Build.0 = Debug|Any CPU
		{E036E299-C55F-41F2-A91D-C95147DE3545}.Debug|iPhoneSimulator.Deploy.0 = Debug|Any CPU
		{E036E299-C55F-41F2-A91D-C95147DE3545}.Release|Any CPU.ActiveCfg = Release|Any CPU
		{E036E299-C55F-41F2-A91D-C95147DE3545}.Release|Any CPU.Build.0 = Release|Any CPU
		{E036E299-C55F-41F2-A91D-C95147DE3545}.Release|Any CPU.Deploy.0 = Release|Any CPU
		{E036E299-C55F-41F2-A91D-C95147DE3545}.Release|iPhone.ActiveCfg = Release|Any CPU
		{E036E299-C55F-41F2-A91D-C95147DE3545}.Release|iPhone.Build.0 = Release|Any CPU
		{E036E299-C55F-41F2-A91D-C95147DE3545}.Release|iPhone.Deploy.0 = Release|Any CPU
		{E036E299-C55F-41F2-A91D-C95147DE3545}.Release|iPhoneSimulator.ActiveCfg = Release|Any CPU
		{E036E299-C55F-41F2-A91D-C95147DE3545}.Release|iPhoneSimulator.Build.0 = Release|Any CPU
		{E036E299-C55F-41F2-A91D-C95147DE3545}.Release|iPhoneSimulator.Deploy.0 = Release|Any CPU
	EndGlobalSection
	GlobalSection(SolutionProperties) = preSolution
		HideSolutionNode = FALSE
	EndGlobalSection
	GlobalSection(ExtensibilityGlobals) = postSolution
		SolutionGuid = {578D1625-7DE4-4D88-9486-C6A4ED0B6ED2}
	EndGlobalSection
EndGlobal
